// !$*UTF8*$!
{
	archiveVersion = 1;
	classes = {
	};
	objectVersion = 46;
	objects = {

/* Begin PBXBuildFile section */
		9160B42B1F75F67600F24BF8 /* pop.framework in Frameworks */ = {isa = PBXBuildFile; fileRef = 9160B42A1F75F67600F24BF8 /* pop.framework */; };
		9172AD841F74905D0053FADF /* AppDelegate.swift in Sources */ = {isa = PBXBuildFile; fileRef = 9172AD831F74905D0053FADF /* AppDelegate.swift */; };
		9172AD861F74905D0053FADF /* ViewController.swift in Sources */ = {isa = PBXBuildFile; fileRef = 9172AD851F74905D0053FADF /* ViewController.swift */; };
		9172AD891F74905D0053FADF /* Main.storyboard in Resources */ = {isa = PBXBuildFile; fileRef = 9172AD871F74905D0053FADF /* Main.storyboard */; };
		9172AD8B1F74905D0053FADF /* Assets.xcassets in Resources */ = {isa = PBXBuildFile; fileRef = 9172AD8A1F74905D0053FADF /* Assets.xcassets */; };
		9172AD8E1F74905D0053FADF /* LaunchScreen.storyboard in Resources */ = {isa = PBXBuildFile; fileRef = 9172AD8C1F74905D0053FADF /* LaunchScreen.storyboard */; };
		9172AD991F74905D0053FADF /* JustoTests.swift in Sources */ = {isa = PBXBuildFile; fileRef = 9172AD981F74905D0053FADF /* JustoTests.swift */; };
		9172ADA41F74905D0053FADF /* JustoUITests.swift in Sources */ = {isa = PBXBuildFile; fileRef = 9172ADA31F74905D0053FADF /* JustoUITests.swift */; };
		91F3D58B1F761356000358BF /* Koloda.framework in Frameworks */ = {isa = PBXBuildFile; fileRef = 9160B4281F75F67200F24BF8 /* Koloda.framework */; };
		91F3D58C1F761356000358BF /* Koloda.framework in Embed Frameworks */ = {isa = PBXBuildFile; fileRef = 9160B4281F75F67200F24BF8 /* Koloda.framework */; settings = {ATTRIBUTES = (CodeSignOnCopy, RemoveHeadersOnCopy, ); }; };
		91F3D58F1F76135A000358BF /* pop.framework in Embed Frameworks */ = {isa = PBXBuildFile; fileRef = 9160B42A1F75F67600F24BF8 /* pop.framework */; settings = {ATTRIBUTES = (CodeSignOnCopy, RemoveHeadersOnCopy, ); }; };
		91F3D59D1F7619DA000358BF /* OverlayView.xib in Resources */ = {isa = PBXBuildFile; fileRef = 91F3D59B1F7619DA000358BF /* OverlayView.xib */; };
/* End PBXBuildFile section */

/* Begin PBXContainerItemProxy section */
		9172AD951F74905D0053FADF /* PBXContainerItemProxy */ = {
			isa = PBXContainerItemProxy;
			containerPortal = 9172AD781F74905D0053FADF /* Project object */;
			proxyType = 1;
			remoteGlobalIDString = 9172AD7F1F74905D0053FADF;
			remoteInfo = Justo;
		};
		9172ADA01F74905D0053FADF /* PBXContainerItemProxy */ = {
			isa = PBXContainerItemProxy;
			containerPortal = 9172AD781F74905D0053FADF /* Project object */;
			proxyType = 1;
			remoteGlobalIDString = 9172AD7F1F74905D0053FADF;
			remoteInfo = Justo;
		};
/* End PBXContainerItemProxy section */

/* Begin PBXCopyFilesBuildPhase section */
		91F3D58D1F761356000358BF /* Embed Frameworks */ = {
			isa = PBXCopyFilesBuildPhase;
			buildActionMask = 2147483647;
			dstPath = "";
			dstSubfolderSpec = 10;
			files = (
				91F3D58F1F76135A000358BF /* pop.framework in Embed Frameworks */,
				91F3D58C1F761356000358BF /* Koloda.framework in Embed Frameworks */,
			);
			name = "Embed Frameworks";
			runOnlyForDeploymentPostprocessing = 0;
		};
/* End PBXCopyFilesBuildPhase section */

/* Begin PBXFileReference section */
		9160B4281F75F67200F24BF8 /* Koloda.framework */ = {isa = PBXFileReference; lastKnownFileType = wrapper.framework; name = Koloda.framework; path = Carthage/Build/iOS/Koloda.framework; sourceTree = "<group>"; };
		9160B42A1F75F67600F24BF8 /* pop.framework */ = {isa = PBXFileReference; lastKnownFileType = wrapper.framework; name = pop.framework; path = Carthage/Build/iOS/pop.framework; sourceTree = "<group>"; };
		9172AD801F74905D0053FADF /* Justo.app */ = {isa = PBXFileReference; explicitFileType = wrapper.application; includeInIndex = 0; path = Justo.app; sourceTree = BUILT_PRODUCTS_DIR; };
		9172AD831F74905D0053FADF /* AppDelegate.swift */ = {isa = PBXFileReference; lastKnownFileType = sourcecode.swift; path = AppDelegate.swift; sourceTree = "<group>"; };
		9172AD851F74905D0053FADF /* ViewController.swift */ = {isa = PBXFileReference; lastKnownFileType = sourcecode.swift; path = ViewController.swift; sourceTree = "<group>"; };
		9172AD881F74905D0053FADF /* Base */ = {isa = PBXFileReference; lastKnownFileType = file.storyboard; name = Base; path = Base.lproj/Main.storyboard; sourceTree = "<group>"; };
		9172AD8A1F74905D0053FADF /* Assets.xcassets */ = {isa = PBXFileReference; lastKnownFileType = folder.assetcatalog; path = Assets.xcassets; sourceTree = "<group>"; };
		9172AD8D1F74905D0053FADF /* Base */ = {isa = PBXFileReference; lastKnownFileType = file.storyboard; name = Base; path = Base.lproj/LaunchScreen.storyboard; sourceTree = "<group>"; };
		9172AD8F1F74905D0053FADF /* Info.plist */ = {isa = PBXFileReference; lastKnownFileType = text.plist.xml; path = Info.plist; sourceTree = "<group>"; };
		9172AD941F74905D0053FADF /* JustoTests.xctest */ = {isa = PBXFileReference; explicitFileType = wrapper.cfbundle; includeInIndex = 0; path = JustoTests.xctest; sourceTree = BUILT_PRODUCTS_DIR; };
		9172AD981F74905D0053FADF /* JustoTests.swift */ = {isa = PBXFileReference; lastKnownFileType = sourcecode.swift; path = JustoTests.swift; sourceTree = "<group>"; };
		9172AD9A1F74905D0053FADF /* Info.plist */ = {isa = PBXFileReference; lastKnownFileType = text.plist.xml; path = Info.plist; sourceTree = "<group>"; };
		9172AD9F1F74905D0053FADF /* JustoUITests.xctest */ = {isa = PBXFileReference; explicitFileType = wrapper.cfbundle; includeInIndex = 0; path = JustoUITests.xctest; sourceTree = BUILT_PRODUCTS_DIR; };
		9172ADA31F74905D0053FADF /* JustoUITests.swift */ = {isa = PBXFileReference; lastKnownFileType = sourcecode.swift; path = JustoUITests.swift; sourceTree = "<group>"; };
		9172ADA51F74905D0053FADF /* Info.plist */ = {isa = PBXFileReference; lastKnownFileType = text.plist.xml; path = Info.plist; sourceTree = "<group>"; };
		91F3D59C1F7619DA000358BF /* Base */ = {isa = PBXFileReference; lastKnownFileType = file.xib; name = Base; path = Base.lproj/OverlayView.xib; sourceTree = "<group>"; };
/* End PBXFileReference section */

/* Begin PBXFrameworksBuildPhase section */
		9172AD7D1F74905D0053FADF /* Frameworks */ = {
			isa = PBXFrameworksBuildPhase;
			buildActionMask = 2147483647;
			files = (
				91F3D58B1F761356000358BF /* Koloda.framework in Frameworks */,
				9160B42B1F75F67600F24BF8 /* pop.framework in Frameworks */,
			);
			runOnlyForDeploymentPostprocessing = 0;
		};
		9172AD911F74905D0053FADF /* Frameworks */ = {
			isa = PBXFrameworksBuildPhase;
			buildActionMask = 2147483647;
			files = (
			);
			runOnlyForDeploymentPostprocessing = 0;
		};
		9172AD9C1F74905D0053FADF /* Frameworks */ = {
			isa = PBXFrameworksBuildPhase;
			buildActionMask = 2147483647;
			files = (
			);
			runOnlyForDeploymentPostprocessing = 0;
		};
/* End PBXFrameworksBuildPhase section */

/* Begin PBXGroup section */
		9160B4271F75F67200F24BF8 /* Frameworks */ = {
			isa = PBXGroup;
			children = (
				9160B42A1F75F67600F24BF8 /* pop.framework */,
				9160B4281F75F67200F24BF8 /* Koloda.framework */,
			);
			name = Frameworks;
			sourceTree = "<group>";
		};
		9172AD771F74905D0053FADF = {
			isa = PBXGroup;
			children = (
				9172AD821F74905D0053FADF /* Justo */,
				9172AD971F74905D0053FADF /* JustoTests */,
				9172ADA21F74905D0053FADF /* JustoUITests */,
				9172AD811F74905D0053FADF /* Products */,
				9160B4271F75F67200F24BF8 /* Frameworks */,
			);
			sourceTree = "<group>";
		};
		9172AD811F74905D0053FADF /* Products */ = {
			isa = PBXGroup;
			children = (
				9172AD801F74905D0053FADF /* Justo.app */,
				9172AD941F74905D0053FADF /* JustoTests.xctest */,
				9172AD9F1F74905D0053FADF /* JustoUITests.xctest */,
			);
			name = Products;
			sourceTree = "<group>";
		};
		9172AD821F74905D0053FADF /* Justo */ = {
			isa = PBXGroup;
			children = (
				9172AD831F74905D0053FADF /* AppDelegate.swift */,
				9172AD851F74905D0053FADF /* ViewController.swift */,
				91F3D59B1F7619DA000358BF /* OverlayView.xib */,
				9172AD871F74905D0053FADF /* Main.storyboard */,
				9172AD8A1F74905D0053FADF /* Assets.xcassets */,
				9172AD8C1F74905D0053FADF /* LaunchScreen.storyboard */,
				9172AD8F1F74905D0053FADF /* Info.plist */,
			);
			path = Justo;
			sourceTree = "<group>";
		};
		9172AD971F74905D0053FADF /* JustoTests */ = {
			isa = PBXGroup;
			children = (
				9172AD981F74905D0053FADF /* JustoTests.swift */,
				9172AD9A1F74905D0053FADF /* Info.plist */,
			);
			path = JustoTests;
			sourceTree = "<group>";
		};
		9172ADA21F74905D0053FADF /* JustoUITests */ = {
			isa = PBXGroup;
			children = (
				9172ADA31F74905D0053FADF /* JustoUITests.swift */,
				9172ADA51F74905D0053FADF /* Info.plist */,
			);
			path = JustoUITests;
			sourceTree = "<group>";
		};
/* End PBXGroup section */

/* Begin PBXNativeTarget section */
		9172AD7F1F74905D0053FADF /* Justo */ = {
			isa = PBXNativeTarget;
			buildConfigurationList = 9172ADA81F74905D0053FADF /* Build configuration list for PBXNativeTarget "Justo" */;
			buildPhases = (
				9172AD7C1F74905D0053FADF /* Sources */,
				9172AD7D1F74905D0053FADF /* Frameworks */,
				9172AD7E1F74905D0053FADF /* Resources */,
				9160B42C1F75F69F00F24BF8 /* ShellScript */,
				91F3D58D1F761356000358BF /* Embed Frameworks */,
			);
			buildRules = (
			);
			dependencies = (
			);
			name = Justo;
			productName = Justo;
			productReference = 9172AD801F74905D0053FADF /* Justo.app */;
			productType = "com.apple.product-type.application";
		};
		9172AD931F74905D0053FADF /* JustoTests */ = {
			isa = PBXNativeTarget;
			buildConfigurationList = 9172ADAB1F74905D0053FADF /* Build configuration list for PBXNativeTarget "JustoTests" */;
			buildPhases = (
				9172AD901F74905D0053FADF /* Sources */,
				9172AD911F74905D0053FADF /* Frameworks */,
				9172AD921F74905D0053FADF /* Resources */,
			);
			buildRules = (
			);
			dependencies = (
				9172AD961F74905D0053FADF /* PBXTargetDependency */,
			);
			name = JustoTests;
			productName = JustoTests;
			productReference = 9172AD941F74905D0053FADF /* JustoTests.xctest */;
			productType = "com.apple.product-type.bundle.unit-test";
		};
		9172AD9E1F74905D0053FADF /* JustoUITests */ = {
			isa = PBXNativeTarget;
			buildConfigurationList = 9172ADAE1F74905D0053FADF /* Build configuration list for PBXNativeTarget "JustoUITests" */;
			buildPhases = (
				9172AD9B1F74905D0053FADF /* Sources */,
				9172AD9C1F74905D0053FADF /* Frameworks */,
				9172AD9D1F74905D0053FADF /* Resources */,
			);
			buildRules = (
			);
			dependencies = (
				9172ADA11F74905D0053FADF /* PBXTargetDependency */,
			);
			name = JustoUITests;
			productName = JustoUITests;
			productReference = 9172AD9F1F74905D0053FADF /* JustoUITests.xctest */;
			productType = "com.apple.product-type.bundle.ui-testing";
		};
/* End PBXNativeTarget section */

/* Begin PBXProject section */
		9172AD781F74905D0053FADF /* Project object */ = {
			isa = PBXProject;
			attributes = {
				LastSwiftUpdateCheck = 0830;
				LastUpgradeCheck = 0830;
				ORGANIZATIONNAME = Mihai;
				TargetAttributes = {
					9172AD7F1F74905D0053FADF = {
						CreatedOnToolsVersion = 8.3.3;
						DevelopmentTeam = NW8349D2U3;
						ProvisioningStyle = Automatic;
					};
					9172AD931F74905D0053FADF = {
						CreatedOnToolsVersion = 8.3.3;
						DevelopmentTeam = NW8349D2U3;
						ProvisioningStyle = Automatic;
						TestTargetID = 9172AD7F1F74905D0053FADF;
					};
					9172AD9E1F74905D0053FADF = {
						CreatedOnToolsVersion = 8.3.3;
						DevelopmentTeam = NW8349D2U3;
						ProvisioningStyle = Automatic;
						TestTargetID = 9172AD7F1F74905D0053FADF;
					};
				};
			};
			buildConfigurationList = 9172AD7B1F74905D0053FADF /* Build configuration list for PBXProject "Justo" */;
			compatibilityVersion = "Xcode 3.2";
			developmentRegion = English;
			hasScannedForEncodings = 0;
			knownRegions = (
				en,
				Base,
			);
			mainGroup = 9172AD771F74905D0053FADF;
			productRefGroup = 9172AD811F74905D0053FADF /* Products */;
			projectDirPath = "";
			projectRoot = "";
			targets = (
				9172AD7F1F74905D0053FADF /* Justo */,
				9172AD931F74905D0053FADF /* JustoTests */,
				9172AD9E1F74905D0053FADF /* JustoUITests */,
			);
		};
/* End PBXProject section */

/* Begin PBXResourcesBuildPhase section */
		9172AD7E1F74905D0053FADF /* Resources */ = {
			isa = PBXResourcesBuildPhase;
			buildActionMask = 2147483647;
			files = (
				9172AD8E1F74905D0053FADF /* LaunchScreen.storyboard in Resources */,
				91F3D59D1F7619DA000358BF /* OverlayView.xib in Resources */,
				9172AD8B1F74905D0053FADF /* Assets.xcassets in Resources */,
				9172AD891F74905D0053FADF /* Main.storyboard in Resources */,
			);
			runOnlyForDeploymentPostprocessing = 0;
		};
		9172AD921F74905D0053FADF /* Resources */ = {
			isa = PBXResourcesBuildPhase;
			buildActionMask = 2147483647;
			files = (
			);
			runOnlyForDeploymentPostprocessing = 0;
		};
		9172AD9D1F74905D0053FADF /* Resources */ = {
			isa = PBXResourcesBuildPhase;
			buildActionMask = 2147483647;
			files = (
			);
			runOnlyForDeploymentPostprocessing = 0;
		};
/* End PBXResourcesBuildPhase section */

/* Begin PBXShellScriptBuildPhase section */
		9160B42C1F75F69F00F24BF8 /* ShellScript */ = {
			isa = PBXShellScriptBuildPhase;
			buildActionMask = 8;
			files = (
			);
			inputPaths = (
				"$(SRCROOT)/Carthage/Build/iOS/Koloda.framework",
				"$(SRCROOT)/Carthage/Build/iOS/pop.framework",
			);
			outputPaths = (
			);
			runOnlyForDeploymentPostprocessing = 1;
			shellPath = "/usr/local/bin/carthage copy-frameworks\n/usr/local/bin/carthage copy-frameworks\n/usr/local/bin/carthage copy-frameworks\n/bin/sh";
			shellScript = "/usr/local/bin/carthage copy-frameworks\n";
		};
/* End PBXShellScriptBuildPhase section */

/* Begin PBXSourcesBuildPhase section */
		9172AD7C1F74905D0053FADF /* Sources */ = {
			isa = PBXSourcesBuildPhase;
			buildActionMask = 2147483647;
			files = (
				9172AD861F74905D0053FADF /* ViewController.swift in Sources */,
				9172AD841F74905D0053FADF /* AppDelegate.swift in Sources */,
			);
			runOnlyForDeploymentPostprocessing = 0;
		};
		9172AD901F74905D0053FADF /* Sources */ = {
			isa = PBXSourcesBuildPhase;
			buildActionMask = 2147483647;
			files = (
				9172AD991F74905D0053FADF /* JustoTests.swift in Sources */,
			);
			runOnlyForDeploymentPostprocessing = 0;
		};
		9172AD9B1F74905D0053FADF /* Sources */ = {
			isa = PBXSourcesBuildPhase;
			buildActionMask = 2147483647;
			files = (
				9172ADA41F74905D0053FADF /* JustoUITests.swift in Sources */,
			);
			runOnlyForDeploymentPostprocessing = 0;
		};
/* End PBXSourcesBuildPhase section */

/* Begin PBXTargetDependency section */
		9172AD961F74905D0053FADF /* PBXTargetDependency */ = {
			isa = PBXTargetDependency;
			target = 9172AD7F1F74905D0053FADF /* Justo */;
			targetProxy = 9172AD951F74905D0053FADF /* PBXContainerItemProxy */;
		};
		9172ADA11F74905D0053FADF /* PBXTargetDependency */ = {
			isa = PBXTargetDependency;
			target = 9172AD7F1F74905D0053FADF /* Justo */;
			targetProxy = 9172ADA01F74905D0053FADF /* PBXContainerItemProxy */;
		};
/* End PBXTargetDependency section */

/* Begin PBXVariantGroup section */
		9172AD871F74905D0053FADF /* Main.storyboard */ = {
			isa = PBXVariantGroup;
			children = (
				9172AD881F74905D0053FADF /* Base */,
			);
			name = Main.storyboard;
			sourceTree = "<group>";
		};
		9172AD8C1F74905D0053FADF /* LaunchScreen.storyboard */ = {
			isa = PBXVariantGroup;
			children = (
				9172AD8D1F74905D0053FADF /* Base */,
			);
			name = LaunchScreen.storyboard;
			sourceTree = "<group>";
		};
		91F3D59B1F7619DA000358BF /* OverlayView.xib */ = {
			isa = PBXVariantGroup;
			children = (
				91F3D59C1F7619DA000358BF /* Base */,
			);
			name = OverlayView.xib;
			sourceTree = "<group>";
		};
/* End PBXVariantGroup section */

/* Begin XCBuildConfiguration section */
		9172ADA61F74905D0053FADF /* Debug */ = {
			isa = XCBuildConfiguration;
			buildSettings = {
				ALWAYS_SEARCH_USER_PATHS = NO;
				CLANG_ANALYZER_NONNULL = YES;
				CLANG_ANALYZER_NUMBER_OBJECT_CONVERSION = YES_AGGRESSIVE;
				CLANG_CXX_LANGUAGE_STANDARD = "gnu++0x";
				CLANG_CXX_LIBRARY = "libc++";
				CLANG_ENABLE_MODULES = YES;
				CLANG_ENABLE_OBJC_ARC = YES;
				CLANG_WARN_BOOL_CONVERSION = YES;
				CLANG_WARN_CONSTANT_CONVERSION = YES;
				CLANG_WARN_DIRECT_OBJC_ISA_USAGE = YES_ERROR;
				CLANG_WARN_DOCUMENTATION_COMMENTS = YES;
				CLANG_WARN_EMPTY_BODY = YES;
				CLANG_WARN_ENUM_CONVERSION = YES;
				CLANG_WARN_INFINITE_RECURSION = YES;
				CLANG_WARN_INT_CONVERSION = YES;
				CLANG_WARN_OBJC_ROOT_CLASS = YES_ERROR;
				CLANG_WARN_SUSPICIOUS_MOVE = YES;
				CLANG_WARN_UNREACHABLE_CODE = YES;
				CLANG_WARN__DUPLICATE_METHOD_MATCH = YES;
				"CODE_SIGN_IDENTITY[sdk=iphoneos*]" = "iPhone Developer";
				COPY_PHASE_STRIP = NO;
				DEBUG_INFORMATION_FORMAT = dwarf;
				ENABLE_STRICT_OBJC_MSGSEND = YES;
				ENABLE_TESTABILITY = YES;
				GCC_C_LANGUAGE_STANDARD = gnu99;
				GCC_DYNAMIC_NO_PIC = NO;
				GCC_NO_COMMON_BLOCKS = YES;
				GCC_OPTIMIZATION_LEVEL = 0;
				GCC_PREPROCESSOR_DEFINITIONS = (
					"DEBUG=1",
					"$(inherited)",
				);
				GCC_WARN_64_TO_32_BIT_CONVERSION = YES;
				GCC_WARN_ABOUT_RETURN_TYPE = YES_ERROR;
				GCC_WARN_UNDECLARED_SELECTOR = YES;
				GCC_WARN_UNINITIALIZED_AUTOS = YES_AGGRESSIVE;
				GCC_WARN_UNUSED_FUNCTION = YES;
				GCC_WARN_UNUSED_VARIABLE = YES;
				IPHONEOS_DEPLOYMENT_TARGET = 10.3;
				MTL_ENABLE_DEBUG_INFO = YES;
				ONLY_ACTIVE_ARCH = YES;
				SDKROOT = iphoneos;
				SWIFT_ACTIVE_COMPILATION_CONDITIONS = DEBUG;
				SWIFT_OPTIMIZATION_LEVEL = "-Onone";
				TARGETED_DEVICE_FAMILY = "1,2";
			};
			name = Debug;
		};
		9172ADA71F74905D0053FADF /* Release */ = {
			isa = XCBuildConfiguration;
			buildSettings = {
				ALWAYS_SEARCH_USER_PATHS = NO;
				CLANG_ANALYZER_NONNULL = YES;
				CLANG_ANALYZER_NUMBER_OBJECT_CONVERSION = YES_AGGRESSIVE;
				CLANG_CXX_LANGUAGE_STANDARD = "gnu++0x";
				CLANG_CXX_LIBRARY = "libc++";
				CLANG_ENABLE_MODULES = YES;
				CLANG_ENABLE_OBJC_ARC = YES;
				CLANG_WARN_BOOL_CONVERSION = YES;
				CLANG_WARN_CONSTANT_CONVERSION = YES;
				CLANG_WARN_DIRECT_OBJC_ISA_USAGE = YES_ERROR;
				CLANG_WARN_DOCUMENTATION_COMMENTS = YES;
				CLANG_WARN_EMPTY_BODY = YES;
				CLANG_WARN_ENUM_CONVERSION = YES;
				CLANG_WARN_INFINITE_RECURSION = YES;
				CLANG_WARN_INT_CONVERSION = YES;
				CLANG_WARN_OBJC_ROOT_CLASS = YES_ERROR;
				CLANG_WARN_SUSPICIOUS_MOVE = YES;
				CLANG_WARN_UNREACHABLE_CODE = YES;
				CLANG_WARN__DUPLICATE_METHOD_MATCH = YES;
				"CODE_SIGN_IDENTITY[sdk=iphoneos*]" = "iPhone Developer";
				COPY_PHASE_STRIP = NO;
				DEBUG_INFORMATION_FORMAT = "dwarf-with-dsym";
				ENABLE_NS_ASSERTIONS = NO;
				ENABLE_STRICT_OBJC_MSGSEND = YES;
				GCC_C_LANGUAGE_STANDARD = gnu99;
				GCC_NO_COMMON_BLOCKS = YES;
				GCC_WARN_64_TO_32_BIT_CONVERSION = YES;
				GCC_WARN_ABOUT_RETURN_TYPE = YES_ERROR;
				GCC_WARN_UNDECLARED_SELECTOR = YES;
				GCC_WARN_UNINITIALIZED_AUTOS = YES_AGGRESSIVE;
				GCC_WARN_UNUSED_FUNCTION = YES;
				GCC_WARN_UNUSED_VARIABLE = YES;
				IPHONEOS_DEPLOYMENT_TARGET = 10.3;
				MTL_ENABLE_DEBUG_INFO = NO;
				SDKROOT = iphoneos;
				SWIFT_OPTIMIZATION_LEVEL = "-Owholemodule";
				TARGETED_DEVICE_FAMILY = "1,2";
				VALIDATE_PRODUCT = YES;
			};
			name = Release;
		};
		9172ADA91F74905D0053FADF /* Debug */ = {
			isa = XCBuildConfiguration;
			buildSettings = {
				ASSETCATALOG_COMPILER_APPICON_NAME = AppIcon;
				DEVELOPMENT_TEAM = NW8349D2U3;
				FRAMEWORK_SEARCH_PATHS = (
					"$(inherited)",
					"$(PROJECT_DIR)/Carthage/Build/iOS",
				);
				INFOPLIST_FILE = Justo/Info.plist;
				LD_RUNPATH_SEARCH_PATHS = "$(inherited) @executable_path/Frameworks";
				PRODUCT_BUNDLE_IDENTIFIER = Parepico.Justo;
				PRODUCT_NAME = "$(TARGET_NAME)";
				SWIFT_VERSION = 3.0;
			};
			name = Debug;
		};
		9172ADAA1F74905D0053FADF /* Release */ = {
			isa = XCBuildConfiguration;
			buildSettings = {
				ASSETCATALOG_COMPILER_APPICON_NAME = AppIcon;
				DEVELOPMENT_TEAM = NW8349D2U3;
				FRAMEWORK_SEARCH_PATHS = (
					"$(inherited)",
					"$(PROJECT_DIR)/Carthage/Build/iOS",
				);
				INFOPLIST_FILE = Justo/Info.plist;
				LD_RUNPATH_SEARCH_PATHS = "$(inherited) @executable_path/Frameworks";
				PRODUCT_BUNDLE_IDENTIFIER = Parepico.Justo;
				PRODUCT_NAME = "$(TARGET_NAME)";
				SWIFT_VERSION = 3.0;
			};
			name = Release;
		};
		9172ADAC1F74905D0053FADF /* Debug */ = {
			isa = XCBuildConfiguration;
			buildSettings = {
				ALWAYS_EMBED_SWIFT_STANDARD_LIBRARIES = YES;
				BUNDLE_LOADER = "$(TEST_HOST)";
				DEVELOPMENT_TEAM = NW8349D2U3;
				INFOPLIST_FILE = JustoTests/Info.plist;
				LD_RUNPATH_SEARCH_PATHS = "$(inherited) @executable_path/Frameworks @loader_path/Frameworks";
				PRODUCT_BUNDLE_IDENTIFIER = Parepico.JustoTests;
				PRODUCT_NAME = "$(TARGET_NAME)";
				SWIFT_VERSION = 3.0;
				TEST_HOST = "$(BUILT_PRODUCTS_DIR)/Justo.app/Justo";
			};
			name = Debug;
		};
		9172ADAD1F74905D0053FADF /* Release */ = {
			isa = XCBuildConfiguration;
			buildSettings = {
				ALWAYS_EMBED_SWIFT_STANDARD_LIBRARIES = YES;
				BUNDLE_LOADER = "$(TEST_HOST)";
				DEVELOPMENT_TEAM = NW8349D2U3;
				INFOPLIST_FILE = JustoTests/Info.plist;
				LD_RUNPATH_SEARCH_PATHS = "$(inherited) @executable_path/Frameworks @loader_path/Frameworks";
				PRODUCT_BUNDLE_IDENTIFIER = Parepico.JustoTests;
				PRODUCT_NAME = "$(TARGET_NAME)";
				SWIFT_VERSION = 3.0;
				TEST_HOST = "$(BUILT_PRODUCTS_DIR)/Justo.app/Justo";
			};
			name = Release;
		};
		9172ADAF1F74905D0053FADF /* Debug */ = {
			isa = XCBuildConfiguration;
			buildSettings = {
				ALWAYS_EMBED_SWIFT_STANDARD_LIBRARIES = YES;
				DEVELOPMENT_TEAM = NW8349D2U3;
				INFOPLIST_FILE = JustoUITests/Info.plist;
				LD_RUNPATH_SEARCH_PATHS = "$(inherited) @executable_path/Frameworks @loader_path/Frameworks";
				PRODUCT_BUNDLE_IDENTIFIER = Parepico.JustoUITests;
				PRODUCT_NAME = "$(TARGET_NAME)";
				SWIFT_VERSION = 3.0;
				TEST_TARGET_NAME = Justo;
			};
			name = Debug;
		};
		9172ADB01F74905D0053FADF /* Release */ = {
			isa = XCBuildConfiguration;
			buildSettings = {
				ALWAYS_EMBED_SWIFT_STANDARD_LIBRARIES = YES;
				DEVELOPMENT_TEAM = NW8349D2U3;
				INFOPLIST_FILE = JustoUITests/Info.plist;
				LD_RUNPATH_SEARCH_PATHS = "$(inherited) @executable_path/Frameworks @loader_path/Frameworks";
				PRODUCT_BUNDLE_IDENTIFIER = Parepico.JustoUITests;
				PRODUCT_NAME = "$(TARGET_NAME)";
				SWIFT_VERSION = 3.0;
				TEST_TARGET_NAME = Justo;
			};
			name = Release;
		};
/* End XCBuildConfiguration section */

/* Begin XCConfigurationList section */
		9172AD7B1F74905D0053FADF /* Build configuration list for PBXProject "Justo" */ = {
			isa = XCConfigurationList;
			buildConfigurations = (
				9172ADA61F74905D0053FADF /* Debug */,
				9172ADA71F74905D0053FADF /* Release */,
			);
			defaultConfigurationIsVisible = 0;
			defaultConfigurationName = Release;
		};
		9172ADA81F74905D0053FADF /* Build configuration list for PBXNativeTarget "Justo" */ = {
			isa = XCConfigurationList;
			buildConfigurations = (
				9172ADA91F74905D0053FADF /* Debug */,
				9172ADAA1F74905D0053FADF /* Release */,
			);
			defaultConfigurationIsVisible = 0;
			defaultConfigurationName = Release;
		};
		9172ADAB1F74905D0053FADF /* Build configuration list for PBXNativeTarget "JustoTests" */ = {
			isa = XCConfigurationList;
			buildConfigurations = (
				9172ADAC1F74905D0053FADF /* Debug */,
				9172ADAD1F74905D0053FADF /* Release */,
			);
			defaultConfigurationIsVisible = 0;
			defaultConfigurationName = Release;
		};
		9172ADAE1F74905D0053FADF /* Build configuration list for PBXNativeTarget "JustoUITests" */ = {
			isa = XCConfigurationList;
			buildConfigurations = (
				9172ADAF1F74905D0053FADF /* Debug */,
				9172ADB01F74905D0053FADF /* Release */,
			);
			defaultConfigurationIsVisible = 0;
			defaultConfigurationName = Release;
		};
/* End XCConfigurationList section */
	};
	rootObject = 9172AD781F74905D0053FADF /* Project object */;
}
